
Microsoft Visual Studio Solution File, Format Version 12.00
# Visual Studio Version 17
VisualStudioVersion = 17.14.36623.8 d17.14
MinimumVisualStudioVersion = 10.0.40219.1
Project("{FAE04EC0-301F-11D3-BF4B-00C04F79EFBC}") = "Blog.API", "Blog\Blog.API.csproj", "{06CC965E-8E4F-4966-B769-A1B3DBF61FE3}"
EndProject
Project("{00D1A9C2-B5F0-4AF3-8072-F6C62B433612}") = "Blog.SQL", "Blog.SQL\Blog.SQL.sqlproj", "{575741C6-0C8F-4B00-90BA-FB6079282957}"
EndProject
Global
	GlobalSection(SolutionConfigurationPlatforms) = preSolution
		Debug|Any CPU = Debug|Any CPU
		Release|Any CPU = Release|Any CPU
	EndGlobalSection
	GlobalSection(ProjectConfigurationPlatforms) = postSolution
		{06CC965E-8E4F-4966-B769-A1B3DBF61FE3}.Debug|Any CPU.ActiveCfg = Debug|Any CPU
		{06CC965E-8E4F-4966-B769-A1B3DBF61FE3}.Debug|Any CPU.Build.0 = Debug|Any CPU
		{06CC965E-8E4F-4966-B769-A1B3DBF61FE3}.Release|Any CPU.ActiveCfg = Release|Any CPU
		{06CC965E-8E4F-4966-B769-A1B3DBF61FE3}.Release|Any CPU.Build.0 = Release|Any CPU
		{575741C6-0C8F-4B00-90BA-FB6079282957}.Debug|Any CPU.ActiveCfg = Debug|Any CPU
		{575741C6-0C8F-4B00-90BA-FB6079282957}.Debug|Any CPU.Build.0 = Debug|Any CPU
		{575741C6-0C8F-4B00-90BA-FB6079282957}.Debug|Any CPU.Deploy.0 = Debug|Any CPU
		{575741C6-0C8F-4B00-90BA-FB6079282957}.Release|Any CPU.ActiveCfg = Release|Any CPU
		{575741C6-0C8F-4B00-90BA-FB6079282957}.Release|Any CPU.Build.0 = Release|Any CPU
		{575741C6-0C8F-4B00-90BA-FB6079282957}.Release|Any CPU.Deploy.0 = Release|Any CPU
	EndGlobalSection
	GlobalSection(SolutionProperties) = preSolution
		HideSolutionNode = FALSE
	EndGlobalSection
	GlobalSection(ExtensibilityGlobals) = postSolution
		SolutionGuid = {446C462D-C1EC-4B7E-A08A-2B66FD3D3A3D}
	EndGlobalSection
EndGlobal
